
Microsoft Visual Studio Solution File, Format Version 12.00
# Visual Studio Version 17
VisualStudioVersion = 17.7.34024.191
MinimumVisualStudioVersion = 10.0.40219.1
Project("{FAE04EC0-301F-11D3-BF4B-00C04F79EFBC}") = "deliverable_2", "deliverable_2\deliverable_2.csproj", "{8704D20F-2BF4-4B9F-9B2F-FA676A1AE8CF}"
EndProject
Global
	GlobalSection(SolutionConfigurationPlatforms) = preSolution
		Debug|Any CPU = Debug|Any CPU
		Release|Any CPU = Release|Any CPU
	EndGlobalSection
	GlobalSection(ProjectConfigurationPlatforms) = postSolution
		{8704D20F-2BF4-4B9F-9B2F-FA676A1AE8CF}.Debug|Any CPU.ActiveCfg = Debug|Any CPU
		{8704D20F-2BF4-4B9F-9B2F-FA676A1AE8CF}.Debug|Any CPU.Build.0 = Debug|Any CPU
		{8704D20F-2BF4-4B9F-9B2F-FA676A1AE8CF}.Release|Any CPU.ActiveCfg = Release|Any CPU
		{8704D20F-2BF4-4B9F-9B2F-FA676A1AE8CF}.Release|Any CPU.Build.0 = Release|Any CPU
	EndGlobalSection
	GlobalSection(SolutionProperties) = preSolution
		HideSolutionNode = FALSE
	EndGlobalSection
	GlobalSection(ExtensibilityGlobals) = postSolution
		SolutionGuid = {AF7C6CE6-FDD2-4806-A832-055E5F5778C6}
	EndGlobalSection
EndGlobal
